// !$*UTF8*$!
{
	archiveVersion = 1;
	classes = {
	};
	objectVersion = 50;
	objects = {

/* Begin PBXBuildFile section */
		2129F4422543F0EE008C8D1F /* AppDelegate.swift in Sources */ = {isa = PBXBuildFile; fileRef = 2129F4412543F0EE008C8D1F /* AppDelegate.swift */; };
		2129F4442543F0EE008C8D1F /* SceneDelegate.swift in Sources */ = {isa = PBXBuildFile; fileRef = 2129F4432543F0EE008C8D1F /* SceneDelegate.swift */; };
		2129F4462543F0EE008C8D1F /* ViewController.swift in Sources */ = {isa = PBXBuildFile; fileRef = 2129F4452543F0EE008C8D1F /* ViewController.swift */; };
		2129F4492543F0EE008C8D1F /* Main.storyboard in Resources */ = {isa = PBXBuildFile; fileRef = 2129F4472543F0EE008C8D1F /* Main.storyboard */; };
		2129F44B2543F0F0008C8D1F /* Assets.xcassets in Resources */ = {isa = PBXBuildFile; fileRef = 2129F44A2543F0F0008C8D1F /* Assets.xcassets */; };
		2129F44E2543F0F0008C8D1F /* LaunchScreen.storyboard in Resources */ = {isa = PBXBuildFile; fileRef = 2129F44C2543F0F0008C8D1F /* LaunchScreen.storyboard */; };
/* End PBXBuildFile section */

/* Begin PBXFileReference section */
		2129F43E2543F0EE008C8D1F /* UITabBarControllerTest.app */ = {isa = PBXFileReference; explicitFileType = wrapper.application; includeInIndex = 0; path = UITabBarControllerTest.app; sourceTree = BUILT_PRODUCTS_DIR; };
		2129F4412543F0EE008C8D1F /* AppDelegate.swift */ = {isa = PBXFileReference; lastKnownFileType = sourcecode.swift; path = AppDelegate.swift; sourceTree = "<group>"; };
		2129F4432543F0EE008C8D1F /* SceneDelegate.swift */ = {isa = PBXFileReference; lastKnownFileType = sourcecode.swift; path = SceneDelegate.swift; sourceTree = "<group>"; };
		2129F4452543F0EE008C8D1F /* ViewController.swift */ = {isa = PBXFileReference; lastKnownFileType = sourcecode.swift; path = ViewController.swift; sourceTree = "<group>"; };
		2129F4482543F0EE008C8D1F /* Base */ = {isa = PBXFileReference; lastKnownFileType = file.storyboard; name = Base; path = Base.lproj/Main.storyboard; sourceTree = "<group>"; };
		2129F44A2543F0F0008C8D1F /* Assets.xcassets */ = {isa = PBXFileReference; lastKnownFileType = folder.assetcatalog; path = Assets.xcassets; sourceTree = "<group>"; };
		2129F44D2543F0F0008C8D1F /* Base */ = {isa = PBXFileReference; lastKnownFileType = file.storyboard; name = Base; path = Base.lproj/LaunchScreen.storyboard; sourceTree = "<group>"; };
		2129F44F2543F0F0008C8D1F /* Info.plist */ = {isa = PBXFileReference; lastKnownFileType = text.plist.xml; path = Info.plist; sourceTree = "<group>"; };
/* End PBXFileReference section */

/* Begin PBXFrameworksBuildPhase section */
		2129F43B2543F0EE008C8D1F /* Frameworks */ = {
			isa = PBXFrameworksBuildPhase;
			buildActionMask = 2147483647;
			files = (
			);
			runOnlyForDeploymentPostprocessing = 0;
		};
/* End PBXFrameworksBuildPhase section */

/* Begin PBXGroup section */
		2129F4352543F0EE008C8D1F = {
			isa = PBXGroup;
			children = (
				2129F4402543F0EE008C8D1F /* UITabBarControllerTest */,
				2129F43F2543F0EE008C8D1F /* Products */,
			);
			sourceTree = "<group>";
		};
		2129F43F2543F0EE008C8D1F /* Products */ = {
			isa = PBXGroup;
			children = (
				2129F43E2543F0EE008C8D1F /* UITabBarControllerTest.app */,
			);
			name = Products;
			sourceTree = "<group>";
		};
		2129F4402543F0EE008C8D1F /* UITabBarControllerTest */ = {
			isa = PBXGroup;
			children = (
				2129F4412543F0EE008C8D1F /* AppDelegate.swift */,
				2129F4432543F0EE008C8D1F /* SceneDelegate.swift */,
				2129F4452543F0EE008C8D1F /* ViewController.swift */,
				2129F4472543F0EE008C8D1F /* Main.storyboard */,
				2129F44A2543F0F0008C8D1F /* Assets.xcassets */,
				2129F44C2543F0F0008C8D1F /* LaunchScreen.storyboard */,
				2129F44F2543F0F0008C8D1F /* Info.plist */,
			);
			path = UITabBarControllerTest;
			sourceTree = "<group>";
		};
/* End PBXGroup section */

/* Begin PBXNativeTarget section */
		2129F43D2543F0EE008C8D1F /* UITabBarControllerTest */ = {
			isa = PBXNativeTarget;
			buildConfigurationList = 2129F4522543F0F0008C8D1F /* Build configuration list for PBXNativeTarget "UITabBarControllerTest" */;
			buildPhases = (
				2129F43A2543F0EE008C8D1F /* Sources */,
				2129F43B2543F0EE008C8D1F /* Frameworks */,
				2129F43C2543F0EE008C8D1F /* Resources */,
			);
			buildRules = (
			);
			dependencies = (
			);
			name = UITabBarControllerTest;
			productName = UITabBarControllerTest;
			productReference = 2129F43E2543F0EE008C8D1F /* UITabBarControllerTest.app */;
			productType = "com.apple.product-type.application";
		};
/* End PBXNativeTarget section */

/* Begin PBXProject section */
		2129F4362543F0EE008C8D1F /* Project object */ = {
			isa = PBXProject;
			attributes = {
				LastSwiftUpdateCheck = 1210;
				LastUpgradeCheck = 1210;
				TargetAttributes = {
					2129F43D2543F0EE008C8D1F = {
						CreatedOnToolsVersion = 12.1;
					};
				};
			};
			buildConfigurationList = 2129F4392543F0EE008C8D1F /* Build configuration list for PBXProject "UITabBarControllerTest" */;
			compatibilityVersion = "Xcode 9.3";
			developmentRegion = en;
			hasScannedForEncodings = 0;
			knownRegions = (
				en,
				Base,
			);
			mainGroup = 2129F4352543F0EE008C8D1F;
			productRefGroup = 2129F43F2543F0EE008C8D1F /* Products */;
			projectDirPath = "";
			projectRoot = "";
			targets = (
				2129F43D2543F0EE008C8D1F /* UITabBarControllerTest */,
			);
		};
/* End PBXProject section */

/* Begin PBXResourcesBuildPhase section */
		2129F43C2543F0EE008C8D1F /* Resources */ = {
			isa = PBXResourcesBuildPhase;
			buildActionMask = 2147483647;
			files = (
				2129F44E2543F0F0008C8D1F /* LaunchScreen.storyboard in Resources */,
				2129F44B2543F0F0008C8D1F /* Assets.xcassets in Resources */,
				2129F4492543F0EE008C8D1F /* Main.storyboard in Resources */,
			);
			runOnlyForDeploymentPostprocessing = 0;
		};
/* End PBXResourcesBuildPhase section */

/* Begin PBXSourcesBuildPhase section */
		2129F43A2543F0EE008C8D1F /* Sources */ = {
			isa = PBXSourcesBuildPhase;
			buildActionMask = 2147483647;
			files = (
				2129F4462543F0EE008C8D1F /* ViewController.swift in Sources */,
				2129F4422543F0EE008C8D1F /* AppDelegate.swift in Sources */,
				2129F4442543F0EE008C8D1F /* SceneDelegate.swift in Sources */,
			);
			runOnlyForDeploymentPostprocessing = 0;
		};
/* End PBXSourcesBuildPhase section */

/* Begin PBXVariantGroup section */
		2129F4472543F0EE008C8D1F /* Main.storyboard */ = {
			isa = PBXVariantGroup;
			children = (
				2129F4482543F0EE008C8D1F /* Base */,
			);
			name = Main.storyboard;
			sourceTree = "<group>";
		};
		2129F44C2543F0F0008C8D1F /* LaunchScreen.storyboard */ = {
			isa = PBXVariantGroup;
			children = (
				2129F44D2543F0F0008C8D1F /* Base */,
			);
			name = LaunchScreen.storyboard;
			sourceTree = "<group>";
		};
/* End PBXVariantGroup section */

/* Begin XCBuildConfiguration section */
		2129F4502543F0F0008C8D1F /* Debug */ = {
			isa = XCBuildConfiguration;
			buildSettings = {
				ALWAYS_SEARCH_USER_PATHS = NO;
				CLANG_ANALYZER_NONNULL = YES;
				CLANG_ANALYZER_NUMBER_OBJECT_CONVERSION = YES_AGGRESSIVE;
				CLANG_CXX_LANGUAGE_STANDARD = "gnu++14";
				CLANG_CXX_LIBRARY = "libc++";
				CLANG_ENABLE_MODULES = YES;
				CLANG_ENABLE_OBJC_ARC = YES;
				CLANG_ENABLE_OBJC_WEAK = YES;
				CLANG_WARN_BLOCK_CAPTURE_AUTORELEASING = YES;
				CLANG_WARN_BOOL_CONVERSION = YES;
				CLANG_WARN_COMMA = YES;
				CLANG_WARN_CONSTANT_CONVERSION = YES;
				CLANG_WARN_DEPRECATED_OBJC_IMPLEMENTATIONS = YES;
				CLANG_WARN_DIRECT_OBJC_ISA_USAGE = YES_ERROR;
				CLANG_WARN_DOCUMENTATION_COMMENTS = YES;
				CLANG_WARN_EMPTY_BODY = YES;
				CLANG_WARN_ENUM_CONVERSION = YES;
				CLANG_WARN_INFINITE_RECURSION = YES;
				CLANG_WARN_INT_CONVERSION = YES;
				CLANG_WARN_NON_LITERAL_NULL_CONVERSION = YES;
				CLANG_WARN_OBJC_IMPLICIT_RETAIN_SELF = YES;
				CLANG_WARN_OBJC_LITERAL_CONVERSION = YES;
				CLANG_WARN_OBJC_ROOT_CLASS = YES_ERROR;
				CLANG_WARN_QUOTED_INCLUDE_IN_FRAMEWORK_HEADER = YES;
				CLANG_WARN_RANGE_LOOP_ANALYSIS = YES;
				CLANG_WARN_STRICT_PROTOTYPES = YES;
				CLANG_WARN_SUSPICIOUS_MOVE = YES;
				CLANG_WARN_UNGUARDED_AVAILABILITY = YES_AGGRESSIVE;
				CLANG_WARN_UNREACHABLE_CODE = YES;
				CLANG_WARN__DUPLICATE_METHOD_MATCH = YES;
				COPY_PHASE_STRIP = NO;
				DEBUG_INFORMATION_FORMAT = dwarf;
				ENABLE_STRICT_OBJC_MSGSEND = YES;
				ENABLE_TESTABILITY = YES;
				GCC_C_LANGUAGE_STANDARD = gnu11;
				GCC_DYNAMIC_NO_PIC = NO;
				GCC_NO_COMMON_BLOCKS = YES;
				GCC_OPTIMIZATION_LEVEL = 0;
				GCC_PREPROCESSOR_DEFINITIONS = (
					"DEBUG=1",
					"$(inherited)",
				);
				GCC_WARN_64_TO_32_BIT_CONVERSION = YES;
				GCC_WARN_ABOUT_RETURN_TYPE = YES_ERROR;
				GCC_WARN_UNDECLARED_SELECTOR = YES;
				GCC_WARN_UNINITIALIZED_AUTOS = YES_AGGRESSIVE;
				GCC_WARN_UNUSED_FUNCTION = YES;
				GCC_WARN_UNUSED_VARIABLE = YES;
				IPHONEOS_DEPLOYMENT_TARGET = 14.1;
				MTL_ENABLE_DEBUG_INFO = INCLUDE_SOURCE;
				MTL_FAST_MATH = YES;
				ONLY_ACTIVE_ARCH = YES;
				SDKROOT = iphoneos;
				SWIFT_ACTIVE_COMPILATION_CONDITIONS = DEBUG;
				SWIFT_OPTIMIZATION_LEVEL = "-Onone";
			};
			name = Debug;
		};
		2129F4512543F0F0008C8D1F /* Release */ = {
			isa = XCBuildConfiguration;
			buildSettings = {
				ALWAYS_SEARCH_USER_PATHS = NO;
				CLANG_ANALYZER_NONNULL = YES;
				CLANG_ANALYZER_NUMBER_OBJECT_CONVERSION = YES_AGGRESSIVE;
				CLANG_CXX_LANGUAGE_STANDARD = "gnu++14";
				CLANG_CXX_LIBRARY = "libc++";
				CLANG_ENABLE_MODULES = YES;
				CLANG_ENABLE_OBJC_ARC = YES;
				CLANG_ENABLE_OBJC_WEAK = YES;
				CLANG_WARN_BLOCK_CAPTURE_AUTORELEASING = YES;
				CLANG_WARN_BOOL_CONVERSION = YES;
				CLANG_WARN_COMMA = YES;
				CLANG_WARN_CONSTANT_CONVERSION = YES;
				CLANG_WARN_DEPRECATED_OBJC_IMPLEMENTATIONS = YES;
				CLANG_WARN_DIRECT_OBJC_ISA_USAGE = YES_ERROR;
				CLANG_WARN_DOCUMENTATION_COMMENTS = YES;
				CLANG_WARN_EMPTY_BODY = YES;
				CLANG_WARN_ENUM_CONVERSION = YES;
				CLANG_WARN_INFINITE_RECURSION = YES;
				CLANG_WARN_INT_CONVERSION = YES;
				CLANG_WARN_NON_LITERAL_NULL_CONVERSION = YES;
				CLANG_WARN_OBJC_IMPLICIT_RETAIN_SELF = YES;
				CLANG_WARN_OBJC_LITERAL_CONVERSION = YES;
				CLANG_WARN_OBJC_ROOT_CLASS = YES_ERROR;
				CLANG_WARN_QUOTED_INCLUDE_IN_FRAMEWORK_HEADER = YES;
				CLANG_WARN_RANGE_LOOP_ANALYSIS = YES;
				CLANG_WARN_STRICT_PROTOTYPES = YES;
				CLANG_WARN_SUSPICIOUS_MOVE = YES;
				CLANG_WARN_UNGUARDED_AVAILABILITY = YES_AGGRESSIVE;
				CLANG_WARN_UNREACHABLE_CODE = YES;
				CLANG_WARN__DUPLICATE_METHOD_MATCH = YES;
				COPY_PHASE_STRIP = NO;
				DEBUG_INFORMATION_FORMAT = "dwarf-with-dsym";
				ENABLE_NS_ASSERTIONS = NO;
				ENABLE_STRICT_OBJC_MSGSEND = YES;
				GCC_C_LANGUAGE_STANDARD = gnu11;
				GCC_NO_COMMON_BLOCKS = YES;
				GCC_WARN_64_TO_32_BIT_CONVERSION = YES;
				GCC_WARN_ABOUT_RETURN_TYPE = YES_ERROR;
				GCC_WARN_UNDECLARED_SELECTOR = YES;
				GCC_WARN_UNINITIALIZED_AUTOS = YES_AGGRESSIVE;
				GCC_WARN_UNUSED_FUNCTION = YES;
				GCC_WARN_UNUSED_VARIABLE = YES;
				IPHONEOS_DEPLOYMENT_TARGET = 14.1;
				MTL_ENABLE_DEBUG_INFO = NO;
				MTL_FAST_MATH = YES;
				SDKROOT = iphoneos;
				SWIFT_COMPILATION_MODE = wholemodule;
				SWIFT_OPTIMIZATION_LEVEL = "-O";
				VALIDATE_PRODUCT = YES;
			};
			name = Release;
		};
		2129F4532543F0F0008C8D1F /* Debug */ = {
			isa = XCBuildConfiguration;
			buildSettings = {
				ASSETCATALOG_COMPILER_APPICON_NAME = AppIcon;
				ASSETCATALOG_COMPILER_GLOBAL_ACCENT_COLOR_NAME = AccentColor;
				CODE_SIGN_STYLE = Automatic;
				DEVELOPMENT_TEAM = 22ZSNS9VR2;
				INFOPLIST_FILE = UITabBarControllerTest/Info.plist;
				LD_RUNPATH_SEARCH_PATHS = (
					"$(inherited)",
					"@executable_path/Frameworks",
				);
				PRODUCT_BUNDLE_IDENTIFIER = com.reinhand.UITabBarControllerTest;
				PRODUCT_NAME = "$(TARGET_NAME)";
				SWIFT_VERSION = 5.0;
				TARGETED_DEVICE_FAMILY = "1,2";
			};
			name = Debug;
		};
		2129F4542543F0F0008C8D1F /* Release */ = {
			isa = XCBuildConfiguration;
			buildSettings = {
				ASSETCATALOG_COMPILER_APPICON_NAME = AppIcon;
				ASSETCATALOG_COMPILER_GLOBAL_ACCENT_COLOR_NAME = AccentColor;
				CODE_SIGN_STYLE = Automatic;
				DEVELOPMENT_TEAM = 22ZSNS9VR2;
				INFOPLIST_FILE = UITabBarControllerTest/Info.plist;
				LD_RUNPATH_SEARCH_PATHS = (
					"$(inherited)",
					"@executable_path/Frameworks",
				);
				PRODUCT_BUNDLE_IDENTIFIER = com.reinhand.UITabBarControllerTest;
				PRODUCT_NAME = "$(TARGET_NAME)";
				SWIFT_VERSION = 5.0;
				TARGETED_DEVICE_FAMILY = "1,2";
			};
			name = Release;
		};
/* End XCBuildConfiguration section */

/* Begin XCConfigurationList section */
		2129F4392543F0EE008C8D1F /* Build configuration list for PBXProject "UITabBarControllerTest" */ = {
			isa = XCConfigurationList;
			buildConfigurations = (
				2129F4502543F0F0008C8D1F /* Debug */,
				2129F4512543F0F0008C8D1F /* Release */,
			);
			defaultConfigurationIsVisible = 0;
			defaultConfigurationName = Release;
		};
		2129F4522543F0F0008C8D1F /* Build configuration list for PBXNativeTarget "UITabBarControllerTest" */ = {
			isa = XCConfigurationList;
			buildConfigurations = (
				2129F4532543F0F0008C8D1F /* Debug */,
				2129F4542543F0F0008C8D1F /* Release */,
			);
			defaultConfigurationIsVisible = 0;
			defaultConfigurationName = Release;
		};
/* End XCConfigurationList section */
	};
	rootObject = 2129F4362543F0EE008C8D1F /* Project object */;
}
